{
  "version": 4,
  "terraform_version": "1.5.3",
  "serial": 8,
  "lineage": "e7eb6fab-ca01-460d-0b95-cb5d52c65fb5",
  "outputs": {},
  "resources": [
    {
      "mode": "managed",
      "type": "google_compute_network",
      "name": "vpc_network",
      "provider": "provider[\"registry.terraform.io/hashicorp/google\"]",
      "instances": [
        {
          "schema_version": 0,
          "attributes": {
            "auto_create_subnetworks": true,
            "delete_default_routes_on_create": false,
            "description": "",
            "enable_ula_internal_ipv6": false,
            "gateway_ipv4": "",
            "id": "projects/buupassdev/global/networks/techops",
            "internal_ipv6_range": "",
            "mtu": 0,
            "name": "techops",
            "network_firewall_policy_enforcement_order": "AFTER_CLASSIC_FIREWALL",
            "project": "buupassdev",
            "routing_mode": "REGIONAL",
            "self_link": "https://www.googleapis.com/compute/v1/projects/buupassdev/global/networks/techops",
            "timeouts": null
          },
          "sensitive_attributes": [],
          "private": "eyJlMmJmYjczMC1lY2FhLTExZTYtOGY4OC0zNDM2M2JjN2M0YzAiOnsiY3JlYXRlIjoxMjAwMDAwMDAwMDAwLCJkZWxldGUiOjEyMDAwMDAwMDAwMDAsInVwZGF0ZSI6MTIwMDAwMDAwMDAwMH19"
        }
      ]
    },
    {
      "mode": "managed",
      "type": "google_container_cluster",
      "name": "primary",
      "provider": "provider[\"registry.terraform.io/hashicorp/google\"]",
      "instances": [
        {
          "schema_version": 1,
          "attributes": {
            "addons_config": [
              {
                "cloudrun_config": [],
                "config_connector_config": [],
                "dns_cache_config": [],
                "gce_persistent_disk_csi_driver_config": [
                  {
                    "enabled": true
                  }
                ],
                "gcp_filestore_csi_driver_config": [],
                "gcs_fuse_csi_driver_config": [],
                "gke_backup_agent_config": [],
                "horizontal_pod_autoscaling": [],
                "http_load_balancing": [],
                "network_policy_config": [
                  {
                    "disabled": true
                  }
                ]
              }
            ],
            "allow_net_admin": null,
            "authenticator_groups_config": [],
            "binary_authorization": [
              {
                "enabled": false,
                "evaluation_mode": ""
              }
            ],
            "cluster_autoscaling": [
              {
                "auto_provisioning_defaults": [],
                "enabled": false,
                "resource_limits": []
              }
            ],
            "cluster_ipv4_cidr": "10.0.0.0/14",
            "confidential_nodes": [],
            "cost_management_config": [],
            "database_encryption": [
              {
                "key_name": "",
                "state": "DECRYPTED"
              }
            ],
            "datapath_provider": "",
            "default_max_pods_per_node": null,
            "default_snat_status": [
              {
                "disabled": false
              }
            ],
            "description": "",
            "dns_config": [],
            "enable_autopilot": false,
            "enable_binary_authorization": false,
            "enable_intranode_visibility": false,
            "enable_k8s_beta_apis": [],
            "enable_kubernetes_alpha": false,
            "enable_l4_ilb_subsetting": false,
            "enable_legacy_abac": false,
            "enable_shielded_nodes": true,
            "enable_tpu": false,
            "endpoint": "104.198.202.24",
            "gateway_api_config": [],
            "id": "projects/buupassdev/locations/us-central1/clusters/my-gke-cluster",
            "initial_node_count": 1,
            "ip_allocation_policy": [],
            "label_fingerprint": "a9dc16a7",
            "location": "us-central1",
            "logging_config": [
              {
                "enable_components": [
                  "SYSTEM_COMPONENTS",
                  "WORKLOADS"
                ]
              }
            ],
            "logging_service": "logging.googleapis.com/kubernetes",
            "maintenance_policy": [],
            "master_auth": [
              {
                "client_certificate": "",
                "client_certificate_config": [
                  {
                    "issue_client_certificate": false
                  }
                ],
                "client_key": "",
                "cluster_ca_certificate": "LS0tLS1CRUdJTiBDRVJUSUZJQ0FURS0tLS0tCk1JSUVMRENDQXBTZ0F3SUJBZ0lRUGNaeFZTRlh1UTMwWnZoVGdVWWsrakFOQmdrcWhraUc5dzBCQVFzRkFEQXYKTVMwd0t3WURWUVFERXlRMlpqVXhaREl4TXkxak1EWmpMVFF4TXpZdFlqRTRZUzA0TlRCbE5EYzFOR1F3TjJRdwpJQmNOTWpNd09USXhNVEkxT1RVMldoZ1BNakExTXpBNU1UTXhNelU1TlRaYU1DOHhMVEFyQmdOVkJBTVRKRFptCk5URmtNakV6TFdNd05tTXROREV6TmkxaU1UaGhMVGcxTUdVME56VTBaREEzWkRDQ0FhSXdEUVlKS29aSWh2Y04KQVFFQkJRQURnZ0dQQURDQ0FZb0NnZ0dCQUpUQmMxWjd2dHF0cmNES0dTa1hjdHlHeFpjdnBPWExwalVpQlpUVQpYQmVJZENnSWpjNFdlMklUcG0yOGZwQWUwQi91K3BxVVNVNnZNWm0rSnZaVVhzTjB6aUdvckZZdTF6K25ldkRpCmlUMVZNbW1kZHJPTGlYbHlwQUVZd0l2Z0tIWUl4RFN4Smd5dzluUFVHZmxMYkJVYktVcDZ2QnVEc0pQVDhyakwKSjJBc0xxaTZGck1NQUkyaU9KdWtTZEd2TzN4ZkhJSXZEWThNdTJrWTZNOEhKaHBMMnZNcVlob29GMG9Xb1hzdgphYUp5VEZtZGF6b1F0Rm1sbXdRUnZlMGZacUpxUTY3Y1BzTFl0c2h1NWkrMzFBd2UzOHk0M1dyU1luVE5NdlFWCkhwQ3J5cW1IVTR3ckVleXNDek5oanZGcjBqVW90Um1Fa05TVTdncUxpV01sM29tdENFMWFtOWw1RVZQaEhTclcKd2VtS2ZwS2xsOStWUUZwMzhRQVM1bTVhSFovYzJpZ0M4bDh2eVJLUE5Na1YwWWZXSmlZNU9iMG1TODU4L3ZqcwpBUEJLM0tsZ3c5Q0xrUTJjVThtbWdQVC8zL0hPV2FNN0c0a25BMnZpOVo5bjV5cE95aFJhTDhxYXQvekszZ3NiCkhpenZnTTZSZ2RaQlN4S21pb2xNVFRCVXZ3SURBUUFCbzBJd1FEQU9CZ05WSFE4QkFmOEVCQU1DQWdRd0R3WUQKVlIwVEFRSC9CQVV3QXdFQi96QWRCZ05WSFE0RUZnUVVWTjcvR1dhTTAxWGN4dHZqbFR0QWR5aUNoT293RFFZSgpLb1pJaHZjTkFRRUxCUUFEZ2dHQkFFYnYyTm1sUGkvdGVKVVJFK2pCWFJZVjRBdWJiZ2hpYWlmNWJhQmRUa2M0CkJYTkt6THY5dEtha2Z1cnh4eWNIWWMxU2Q4RFpxaE8yK1A4MGcrUFA2RlcrMm4yRkN1WmJVaE1xWjFOTkFGMmUKM2dPR3JsRmVid1Y3TjlvNHU5VlBrVGoxSFc3WnVFaVoyTjdZNTEzOW4yd05EMG5yRDZQM0VPdmdBSzZkaVVRKwpSRjl4MXJFc1JXUDBJREM0MDY5bGZ0bUs5K0dTN2tKdG9QRmY1cjVVdlIydFUycmVTZytoWGZ6UUpIeDVhR0tSCjBSY3ZoWFU0aXR4ejQ3VGxxWFc3K0t6SUpXTS9HN21mUFcwQm9ESjE5VlFmTnJVejVFcFJEd3pPVFBZNmhUb0wKRW1OYk9SeXYyYzhNRDVpRjUwVjFSZlJzSS9xSk1KUEtpQ1FNa3dpT1ZjdUNsR3hWTDZWaXdJazQ5NmxTMXhmdwpvOWJ0ajAvS0ltVU02ZGxraGFtOFRGS3RCWEoydUQzSGpLYlFFcHYxckRpeERDcjFTM3VVVFh5RFNQTTNlNVlqCkJsWEJjYk9SSE9zNlRrMkhpN3JjZUNtUEVHZmRSWFpwZ2FmZ1I4NDZtSkM1NHFOWmVoQ1lKY3lBMVhFT1h4QysKY3VsRVRVZTBRSmpGU2RuRmpEeHNWZz09Ci0tLS0tRU5EIENFUlRJRklDQVRFLS0tLS0K"
              }
            ],
            "master_authorized_networks_config": [],
            "master_version": "1.27.3-gke.100",
            "mesh_certificates": [],
            "min_master_version": null,
            "monitoring_config": [
              {
                "advanced_datapath_observability_config": [
                  {
                    "enable_metrics": false,
                    "relay_mode": "DISABLED"
                  }
                ],
                "enable_components": [
                  "SYSTEM_COMPONENTS"
                ],
                "managed_prometheus": [
                  {
                    "enabled": true
                  }
                ]
              }
            ],
            "monitoring_service": "monitoring.googleapis.com/kubernetes",
            "name": "my-gke-cluster",
            "network": "projects/buupassdev/global/networks/techops",
            "network_policy": [
              {
                "enabled": false,
                "provider": "PROVIDER_UNSPECIFIED"
              }
            ],
            "networking_mode": "ROUTES",
            "node_config": [],
            "node_locations": [
              "us-central1-a",
              "us-central1-b",
              "us-central1-f"
            ],
            "node_pool": [],
            "node_pool_defaults": [
              {
                "node_config_defaults": [
                  {
                    "logging_variant": "DEFAULT"
                  }
                ]
              }
            ],
            "node_version": "1.27.3-gke.100",
            "notification_config": [
              {
                "pubsub": [
                  {
                    "enabled": false,
                    "filter": [],
                    "topic": ""
                  }
                ]
              }
            ],
            "operation": null,
            "private_cluster_config": [
              {
                "enable_private_endpoint": false,
                "enable_private_nodes": false,
                "master_global_access_config": [
                  {
                    "enabled": false
                  }
                ],
                "master_ipv4_cidr_block": "",
                "peering_name": "",
                "private_endpoint": "10.128.0.2",
                "private_endpoint_subnetwork": "",
                "public_endpoint": "104.198.202.24"
              }
            ],
            "private_ipv6_google_access": "",
            "project": "buupassdev",
            "release_channel": [
              {
                "channel": "REGULAR"
              }
            ],
            "remove_default_node_pool": true,
            "resource_labels": null,
            "resource_usage_export_config": [],
            "security_posture_config": [
              {
                "mode": "BASIC",
                "vulnerability_mode": "VULNERABILITY_MODE_UNSPECIFIED"
              }
            ],
            "self_link": "https://container.googleapis.com/v1/projects/buupassdev/locations/us-central1/clusters/my-gke-cluster",
            "service_external_ips_config": [
              {
                "enabled": false
              }
            ],
            "services_ipv4_cidr": "10.3.240.0/20",
            "subnetwork": "projects/buupassdev/regions/us-central1/subnetworks/techops",
            "timeouts": null,
            "tpu_ipv4_cidr_block": "",
            "vertical_pod_autoscaling": [],
            "workload_identity_config": []
          },
          "sensitive_attributes": [],
          "private": "eyJlMmJmYjczMC1lY2FhLTExZTYtOGY4OC0zNDM2M2JjN2M0YzAiOnsiY3JlYXRlIjoyNDAwMDAwMDAwMDAwLCJkZWxldGUiOjI0MDAwMDAwMDAwMDAsInJlYWQiOjI0MDAwMDAwMDAwMDAsInVwZGF0ZSI6MzYwMDAwMDAwMDAwMH0sInNjaGVtYV92ZXJzaW9uIjoiMSJ9",
          "dependencies": [
            "google_compute_network.vpc_network"
          ]
        }
      ]
    },
    {
      "mode": "managed",
      "type": "google_container_node_pool",
      "name": "primary_preemptible_nodes",
      "provider": "provider[\"registry.terraform.io/hashicorp/google\"]",
      "instances": [
        {
          "schema_version": 1,
          "attributes": {
            "autoscaling": [],
            "cluster": "my-gke-cluster",
            "id": "projects/buupassdev/locations/us-central1/clusters/my-gke-cluster/nodePools/my-node-pool",
            "initial_node_count": 1,
            "instance_group_urls": [
              "https://www.googleapis.com/compute/v1/projects/buupassdev/zones/us-central1-b/instanceGroupManagers/gke-my-gke-cluster-my-node-pool-62a15e06-grp",
              "https://www.googleapis.com/compute/v1/projects/buupassdev/zones/us-central1-f/instanceGroupManagers/gke-my-gke-cluster-my-node-pool-aed0ede8-grp",
              "https://www.googleapis.com/compute/v1/projects/buupassdev/zones/us-central1-a/instanceGroupManagers/gke-my-gke-cluster-my-node-pool-2b78ce3e-grp"
            ],
            "location": "us-central1",
            "managed_instance_group_urls": [
              "https://www.googleapis.com/compute/v1/projects/buupassdev/zones/us-central1-b/instanceGroups/gke-my-gke-cluster-my-node-pool-62a15e06-grp",
              "https://www.googleapis.com/compute/v1/projects/buupassdev/zones/us-central1-f/instanceGroups/gke-my-gke-cluster-my-node-pool-aed0ede8-grp",
              "https://www.googleapis.com/compute/v1/projects/buupassdev/zones/us-central1-a/instanceGroups/gke-my-gke-cluster-my-node-pool-2b78ce3e-grp"
            ],
            "management": [
              {
                "auto_repair": true,
                "auto_upgrade": true
              }
            ],
            "max_pods_per_node": null,
            "name": "my-node-pool",
            "name_prefix": "",
            "network_config": [
              {
                "create_pod_range": false,
                "enable_private_nodes": false,
                "pod_cidr_overprovision_config": [],
                "pod_ipv4_cidr_block": "",
                "pod_range": ""
              }
            ],
            "node_config": [
              {
                "advanced_machine_features": [],
                "boot_disk_kms_key": "",
                "confidential_nodes": [],
                "disk_size_gb": 100,
                "disk_type": "pd-balanced",
                "ephemeral_storage_local_ssd_config": [],
                "gcfs_config": [],
                "guest_accelerator": [],
                "gvnic": [],
                "host_maintenance_policy": [],
                "image_type": "COS_CONTAINERD",
                "kubelet_config": [],
                "labels": {},
                "linux_node_config": [],
                "local_nvme_ssd_block_config": [],
                "local_ssd_count": 0,
                "logging_variant": "DEFAULT",
                "machine_type": "n1-standard-1",
                "metadata": {
                  "disable-legacy-endpoints": "true"
                },
                "min_cpu_platform": "",
                "node_group": "",
                "oauth_scopes": [
                  "https://www.googleapis.com/auth/devstorage.read_only",
                  "https://www.googleapis.com/auth/logging.write",
                  "https://www.googleapis.com/auth/monitoring",
                  "https://www.googleapis.com/auth/service.management.readonly",
                  "https://www.googleapis.com/auth/servicecontrol",
                  "https://www.googleapis.com/auth/trace.append"
                ],
                "preemptible": true,
                "reservation_affinity": [],
                "resource_labels": null,
                "service_account": "default",
                "shielded_instance_config": [
                  {
                    "enable_integrity_monitoring": true,
                    "enable_secure_boot": false
                  }
                ],
                "sole_tenant_config": [],
                "spot": false,
                "tags": null,
                "taint": [],
                "workload_metadata_config": []
              }
            ],
            "node_count": 1,
            "node_locations": [
              "us-central1-a",
              "us-central1-b",
              "us-central1-f"
            ],
            "operation": null,
            "placement_policy": [],
            "project": "buupassdev",
            "timeouts": null,
            "upgrade_settings": [
              {
                "blue_green_settings": [],
                "max_surge": 1,
                "max_unavailable": 0,
                "strategy": "SURGE"
              }
            ],
            "version": "1.27.3-gke.100"
          },
          "sensitive_attributes": [],
          "private": "eyJlMmJmYjczMC1lY2FhLTExZTYtOGY4OC0zNDM2M2JjN2M0YzAiOnsiY3JlYXRlIjoxODAwMDAwMDAwMDAwLCJkZWxldGUiOjE4MDAwMDAwMDAwMDAsInVwZGF0ZSI6MTgwMDAwMDAwMDAwMH0sInNjaGVtYV92ZXJzaW9uIjoiMSJ9",
          "dependencies": [
            "google_compute_network.vpc_network",
            "google_container_cluster.primary"
          ]
        }
      ]
    },
    {
      "mode": "managed",
      "type": "google_service_account",
      "name": "default",
      "provider": "provider[\"registry.terraform.io/hashicorp/google\"]",
      "instances": [
        {
          "schema_version": 0,
          "attributes": {
            "account_id": "service-account-id",
            "description": "",
            "disabled": false,
            "display_name": "Service Account",
            "email": "service-account-id@buupassdev.iam.gserviceaccount.com",
            "id": "projects/buupassdev/serviceAccounts/service-account-id@buupassdev.iam.gserviceaccount.com",
            "member": "serviceAccount:service-account-id@buupassdev.iam.gserviceaccount.com",
            "name": "projects/buupassdev/serviceAccounts/service-account-id@buupassdev.iam.gserviceaccount.com",
            "project": "buupassdev",
            "timeouts": null,
            "unique_id": "113910506565255302681"
          },
          "sensitive_attributes": [],
          "private": "eyJlMmJmYjczMC1lY2FhLTExZTYtOGY4OC0zNDM2M2JjN2M0YzAiOnsiY3JlYXRlIjozMDAwMDAwMDAwMDB9fQ=="
        }
      ]
    },
    {
      "mode": "managed",
      "type": "google_sql_database",
      "name": "default",
      "provider": "provider[\"registry.terraform.io/hashicorp/google\"]",
      "instances": [
        {
          "schema_version": 0,
          "attributes": {
            "charset": "utf8mb3",
            "collation": "utf8mb3_general_ci",
            "deletion_policy": "DELETE",
            "id": "projects/buupassdev/instances/my-instance/databases/my-database",
            "instance": "my-instance",
            "name": "my-database",
            "project": "buupassdev",
            "self_link": "https://sqladmin.googleapis.com/sql/v1beta4/projects/buupassdev/instances/my-instance/databases/my-database",
            "timeouts": null
          },
          "sensitive_attributes": [],
          "private": "eyJlMmJmYjczMC1lY2FhLTExZTYtOGY4OC0zNDM2M2JjN2M0YzAiOnsiY3JlYXRlIjoxMjAwMDAwMDAwMDAwLCJkZWxldGUiOjEyMDAwMDAwMDAwMDAsInVwZGF0ZSI6MTIwMDAwMDAwMDAwMH19",
          "dependencies": [
            "google_sql_database_instance.default"
          ]
        }
      ]
    },
    {
      "mode": "managed",
      "type": "google_sql_database_instance",
      "name": "default",
      "provider": "provider[\"registry.terraform.io/hashicorp/google\"]",
      "instances": [
        {
          "schema_version": 0,
          "attributes": {
            "available_maintenance_versions": [],
            "clone": [],
            "connection_name": "buupassdev:us-central1:my-instance",
            "database_version": "MYSQL_8_0",
            "deletion_protection": true,
            "dns_name": "",
            "encryption_key_name": null,
            "first_ip_address": "34.42.192.164",
            "id": "my-instance",
            "instance_type": "CLOUD_SQL_INSTANCE",
            "ip_address": [
              {
                "ip_address": "34.42.192.164",
                "time_to_retire": "",
                "type": "PRIMARY"
              }
            ],
            "maintenance_version": "MYSQL_8_0_31.R20230624.00_05",
            "master_instance_name": "",
            "name": "my-instance",
            "private_ip_address": "",
            "project": "buupassdev",
            "psc_service_attachment_link": "",
            "public_ip_address": "34.42.192.164",
            "region": "us-central1",
            "replica_configuration": [],
            "restore_backup_context": [],
            "root_password": null,
            "self_link": "https://sqladmin.googleapis.com/sql/v1beta4/projects/buupassdev/instances/my-instance",
            "server_ca_cert": [
              {
                "cert": "-----BEGIN CERTIFICATE-----\nMIIDfzCCAmegAwIBAgIBADANBgkqhkiG9w0BAQsFADB3MS0wKwYDVQQuEyRiZmZk\nYmE0OC1mZWRiLTQwZDEtOWM5MC0yNzZkYjNjNjc4ZTAxIzAhBgNVBAMTGkdvb2ds\nZSBDbG91ZCBTUUwgU2VydmVyIENBMRQwEgYDVQQKEwtHb29nbGUsIEluYzELMAkG\nA1UEBhMCVVMwHhcNMjMwOTIxMTM1OTAxWhcNMzMwOTE4MTQwMDAxWjB3MS0wKwYD\nVQQuEyRiZmZkYmE0OC1mZWRiLTQwZDEtOWM5MC0yNzZkYjNjNjc4ZTAxIzAhBgNV\nBAMTGkdvb2dsZSBDbG91ZCBTUUwgU2VydmVyIENBMRQwEgYDVQQKEwtHb29nbGUs\nIEluYzELMAkGA1UEBhMCVVMwggEiMA0GCSqGSIb3DQEBAQUAA4IBDwAwggEKAoIB\nAQCLiU9R7++nbV9Fz+f5oJUdY26LKdoMvsfEDLZLZ93GeFd69GcM672FPJ9QNwNq\nq3esMWhKc2lK8In83Fjm5xaD+6/z3Dg6+P3qsHlEkYvJaCd9fWy6MfQJUl3BOhx9\nGZ2umv996rowzfHJ3oa76MDf+ZWHcO8zZtwfTPbVnmURqN8tmcdlc+Rxf38gWAX+\nTKxKyk+BS/kiYBX3D2Fmcf1FplKnxlyggCpXuGme+jI7/5CaifNvf9Ii0CNv3nJ8\n1WoiJOz1EeU4vXfr9fRx2bZqee2yUd84AHF8AVYxIvIheORImMJtbms5T3yCmSTR\nxSGs/SMv6VeCGEsYlsrk5Av7AgMBAAGjFjAUMBIGA1UdEwEB/wQIMAYBAf8CAQAw\nDQYJKoZIhvcNAQELBQADggEBAHETkWepAUY8liiN4iT2P+kaXgoRM3GVFTMb9WKe\nRvNkFJlH1YmNLW3C0kwAsEID8nJxGxi48FfAOZEQdFzqhuh6rHBV/F7OXISVyXkF\n45nPKL1SAgJrDdJoWcXlq89beshgn7TtRqV8u8LH43MfoaH4Bp5kCaLb9FzaIz/Y\nnAHBGM4cQdhP0/7hkt5PpeV466oeNVA1NrtaOw0WMPi+CMhZuXTh6IbhsPOXCGjG\ndrFQ+Yt0XacSJJ0kYf2JMwo0/tq7nQZRXnWhm6bhuDIetO5QuiWdSHkNqDdhVUoA\nSMlI1sA8JbsY0RzeoyWB9UVaCCkOMDo9lHbpc5NymyxUMpE=\n-----END CERTIFICATE-----",
                "common_name": "C=US,O=Google\\, Inc,CN=Google Cloud SQL Server CA,dnQualifier=bffdba48-fedb-40d1-9c90-276db3c678e0",
                "create_time": "2023-09-21T13:59:01.835Z",
                "expiration_time": "2033-09-18T14:00:01.835Z",
                "sha1_fingerprint": "c1d17412af051b8faec764e7e07dc16b8cf8bba8"
              }
            ],
            "service_account_email_address": "p849363773843-y8vpqh@gcp-sa-cloud-sql.iam.gserviceaccount.com",
            "settings": [
              {
                "activation_policy": "ALWAYS",
                "active_directory_config": [],
                "advanced_machine_features": [],
                "availability_type": "ZONAL",
                "backup_configuration": [
                  {
                    "backup_retention_settings": [
                      {
                        "retained_backups": 7,
                        "retention_unit": "COUNT"
                      }
                    ],
                    "binary_log_enabled": false,
                    "enabled": false,
                    "location": "",
                    "point_in_time_recovery_enabled": false,
                    "start_time": "19:00",
                    "transaction_log_retention_days": 7
                  }
                ],
                "collation": "",
                "connector_enforcement": "NOT_REQUIRED",
                "data_cache_config": [],
                "database_flags": [],
                "deletion_protection_enabled": false,
                "deny_maintenance_period": [],
                "disk_autoresize": true,
                "disk_autoresize_limit": 0,
                "disk_size": 10,
                "disk_type": "PD_SSD",
                "edition": "",
                "insights_config": [],
                "ip_configuration": [
                  {
                    "allocated_ip_range": "",
                    "authorized_networks": [],
                    "enable_private_path_for_google_cloud_services": false,
                    "ipv4_enabled": true,
                    "private_network": "",
                    "psc_config": [],
                    "require_ssl": false
                  }
                ],
                "location_preference": [
                  {
                    "follow_gae_application": "",
                    "secondary_zone": "",
                    "zone": "us-central1-f"
                  }
                ],
                "maintenance_window": [],
                "password_validation_policy": [],
                "pricing_plan": "PER_USE",
                "sql_server_audit_config": [],
                "tier": "db-f1-micro",
                "time_zone": "",
                "user_labels": {},
                "version": 1
              }
            ],
            "timeouts": null
          },
          "sensitive_attributes": [],
          "private": "eyJlMmJmYjczMC1lY2FhLTExZTYtOGY4OC0zNDM2M2JjN2M0YzAiOnsiY3JlYXRlIjoyNDAwMDAwMDAwMDAwLCJkZWxldGUiOjE4MDAwMDAwMDAwMDAsInVwZGF0ZSI6MTgwMDAwMDAwMDAwMH19"
        }
      ]
    },
    {
      "mode": "managed",
      "type": "google_sql_user",
      "name": "default",
      "provider": "provider[\"registry.terraform.io/hashicorp/google\"]",
      "instances": [
        {
          "schema_version": 1,
          "attributes": {
            "deletion_policy": null,
            "host": "%",
            "id": "my-user/%/my-instance",
            "instance": "my-instance",
            "name": "my-user",
            "password": "my-password",
            "password_policy": [],
            "project": "buupassdev",
            "sql_server_user_details": [],
            "timeouts": null,
            "type": ""
          },
          "sensitive_attributes": [],
          "private": "eyJlMmJmYjczMC1lY2FhLTExZTYtOGY4OC0zNDM2M2JjN2M0YzAiOnsiY3JlYXRlIjo2MDAwMDAwMDAwMDAsImRlbGV0ZSI6NjAwMDAwMDAwMDAwLCJ1cGRhdGUiOjYwMDAwMDAwMDAwMH0sInNjaGVtYV92ZXJzaW9uIjoiMSJ9",
          "dependencies": [
            "google_sql_database_instance.default"
          ]
        }
      ]
    }
  ],
  "check_results": null
}
